
Microsoft Visual Studio Solution File, Format Version 12.00
# Visual Studio Version 16
VisualStudioVersion = 16.0.31829.152
MinimumVisualStudioVersion = 10.0.40219.1
Project("{9A19103F-16F7-4668-BE54-9A1E7A4F7556}") = "CalculatorProgram", "CalculatorProgram.csproj", "{01C37C9E-0D8A-4952-86EE-AEDF781409F0}"
EndProject
Project("{9A19103F-16F7-4668-BE54-9A1E7A4F7556}") = "CalculatorLibrary", "..\CalculatorLibrary\CalculatorLibrary.csproj", "{45850F6A-C851-4C80-B93A-0BF2484D51EB}"
EndProject
Global
	GlobalSection(SolutionConfigurationPlatforms) = preSolution
		Debug|Any CPU = Debug|Any CPU
		Release|Any CPU = Release|Any CPU
	EndGlobalSection
	GlobalSection(ProjectConfigurationPlatforms) = postSolution
		{01C37C9E-0D8A-4952-86EE-AEDF781409F0}.Debug|Any CPU.ActiveCfg = Debug|Any CPU
		{01C37C9E-0D8A-4952-86EE-AEDF781409F0}.Debug|Any CPU.Build.0 = Debug|Any CPU
		{01C37C9E-0D8A-4952-86EE-AEDF781409F0}.Release|Any CPU.ActiveCfg = Release|Any CPU
		{01C37C9E-0D8A-4952-86EE-AEDF781409F0}.Release|Any CPU.Build.0 = Release|Any CPU
		{45850F6A-C851-4C80-B93A-0BF2484D51EB}.Debug|Any CPU.ActiveCfg = Debug|Any CPU
		{45850F6A-C851-4C80-B93A-0BF2484D51EB}.Debug|Any CPU.Build.0 = Debug|Any CPU
		{45850F6A-C851-4C80-B93A-0BF2484D51EB}.Release|Any CPU.ActiveCfg = Release|Any CPU
		{45850F6A-C851-4C80-B93A-0BF2484D51EB}.Release|Any CPU.Build.0 = Release|Any CPU
	EndGlobalSection
	GlobalSection(SolutionProperties) = preSolution
		HideSolutionNode = FALSE
	EndGlobalSection
	GlobalSection(ExtensibilityGlobals) = postSolution
		SolutionGuid = {1C2A9692-0C51-46D9-BE34-2D99AE4F377F}
	EndGlobalSection
EndGlobal
